
Microsoft Visual Studio Solution File, Format Version 12.00
# Visual Studio Version 17
VisualStudioVersion = 17.6.33801.468
MinimumVisualStudioVersion = 10.0.40219.1
Project("{2150E333-8FDC-42A3-9474-1A3956D46DE8}") = "Docs", "Docs", "{C568D582-630B-4F1D-874B-16116EAD8358}"
	ProjectSection(SolutionItems) = preProject
		TextFile1.txt = TextFile1.txt
	EndProjectSection
EndProject
Project("{2150E333-8FDC-42A3-9474-1A3956D46DE8}") = "Test", "Test", "{26BABBC9-6AA7-47E4-99BC-8A572FD838CE}"
EndProject
Project("{2150E333-8FDC-42A3-9474-1A3956D46DE8}") = "Src", "Src", "{F7D8C7B9-4220-44C0-B2F7-8F1CC013D745}"
EndProject
Project("{2150E333-8FDC-42A3-9474-1A3956D46DE8}") = "Presentation", "Presentation", "{5FD96E5C-00AA-4F20-B528-AFD15CA8B10D}"
EndProject
Project("{2150E333-8FDC-42A3-9474-1A3956D46DE8}") = "Infrastructure", "Infrastructure", "{303D6094-38C0-4A48-ADEA-A636E62ABE74}"
EndProject
Project("{2150E333-8FDC-42A3-9474-1A3956D46DE8}") = "Core", "Core", "{32FF29FE-F303-4822-8023-D11330DE9B6C}"
EndProject
Project("{9A19103F-16F7-4668-BE54-9A1E7A4F7556}") = "Application", "Application\Application.csproj", "{E14DC32A-8D2E-4CE5-8849-309A7032ABDB}"
EndProject
Project("{9A19103F-16F7-4668-BE54-9A1E7A4F7556}") = "Domain", "Domain\Domain.csproj", "{21D87829-D341-4CBE-ACE3-1A8017BBE033}"
EndProject
Project("{9A19103F-16F7-4668-BE54-9A1E7A4F7556}") = "Infrastructure", "Infrastructure\Infrastructure.csproj", "{E7604101-1609-4EA3-A532-10DC7986F4B1}"
EndProject
Project("{9A19103F-16F7-4668-BE54-9A1E7A4F7556}") = "Persistence", "Persistence\Persistence.csproj", "{99FC43CF-22AC-4D3A-9DC9-50E0674C43D1}"
EndProject
Project("{9A19103F-16F7-4668-BE54-9A1E7A4F7556}") = "UI", "UI\UI.csproj", "{3EA72171-4166-4658-BB9A-D7C32EB13E4B}"
EndProject
Project("{2150E333-8FDC-42A3-9474-1A3956D46DE8}") = "Common", "Common", "{FF03A630-4E35-49AC-89D0-EC3596D41617}"
EndProject
Project("{9A19103F-16F7-4668-BE54-9A1E7A4F7556}") = "Common", "Common\Common.csproj", "{FC451AF7-274C-4457-8BFA-12DC1701489C}"
EndProject
Global
	GlobalSection(SolutionConfigurationPlatforms) = preSolution
		Debug|Any CPU = Debug|Any CPU
		Release|Any CPU = Release|Any CPU
	EndGlobalSection
	GlobalSection(ProjectConfigurationPlatforms) = postSolution
		{E14DC32A-8D2E-4CE5-8849-309A7032ABDB}.Debug|Any CPU.ActiveCfg = Debug|Any CPU
		{E14DC32A-8D2E-4CE5-8849-309A7032ABDB}.Debug|Any CPU.Build.0 = Debug|Any CPU
		{E14DC32A-8D2E-4CE5-8849-309A7032ABDB}.Release|Any CPU.ActiveCfg = Release|Any CPU
		{E14DC32A-8D2E-4CE5-8849-309A7032ABDB}.Release|Any CPU.Build.0 = Release|Any CPU
		{21D87829-D341-4CBE-ACE3-1A8017BBE033}.Debug|Any CPU.ActiveCfg = Debug|Any CPU
		{21D87829-D341-4CBE-ACE3-1A8017BBE033}.Debug|Any CPU.Build.0 = Debug|Any CPU
		{21D87829-D341-4CBE-ACE3-1A8017BBE033}.Release|Any CPU.ActiveCfg = Release|Any CPU
		{21D87829-D341-4CBE-ACE3-1A8017BBE033}.Release|Any CPU.Build.0 = Release|Any CPU
		{E7604101-1609-4EA3-A532-10DC7986F4B1}.Debug|Any CPU.ActiveCfg = Debug|Any CPU
		{E7604101-1609-4EA3-A532-10DC7986F4B1}.Debug|Any CPU.Build.0 = Debug|Any CPU
		{E7604101-1609-4EA3-A532-10DC7986F4B1}.Release|Any CPU.ActiveCfg = Release|Any CPU
		{E7604101-1609-4EA3-A532-10DC7986F4B1}.Release|Any CPU.Build.0 = Release|Any CPU
		{99FC43CF-22AC-4D3A-9DC9-50E0674C43D1}.Debug|Any CPU.ActiveCfg = Debug|Any CPU
		{99FC43CF-22AC-4D3A-9DC9-50E0674C43D1}.Debug|Any CPU.Build.0 = Debug|Any CPU
		{99FC43CF-22AC-4D3A-9DC9-50E0674C43D1}.Release|Any CPU.ActiveCfg = Release|Any CPU
		{99FC43CF-22AC-4D3A-9DC9-50E0674C43D1}.Release|Any CPU.Build.0 = Release|Any CPU
		{3EA72171-4166-4658-BB9A-D7C32EB13E4B}.Debug|Any CPU.ActiveCfg = Debug|Any CPU
		{3EA72171-4166-4658-BB9A-D7C32EB13E4B}.Debug|Any CPU.Build.0 = Debug|Any CPU
		{3EA72171-4166-4658-BB9A-D7C32EB13E4B}.Release|Any CPU.ActiveCfg = Release|Any CPU
		{3EA72171-4166-4658-BB9A-D7C32EB13E4B}.Release|Any CPU.Build.0 = Release|Any CPU
		{FC451AF7-274C-4457-8BFA-12DC1701489C}.Debug|Any CPU.ActiveCfg = Debug|Any CPU
		{FC451AF7-274C-4457-8BFA-12DC1701489C}.Debug|Any CPU.Build.0 = Debug|Any CPU
		{FC451AF7-274C-4457-8BFA-12DC1701489C}.Release|Any CPU.ActiveCfg = Release|Any CPU
		{FC451AF7-274C-4457-8BFA-12DC1701489C}.Release|Any CPU.Build.0 = Release|Any CPU
	EndGlobalSection
	GlobalSection(SolutionProperties) = preSolution
		HideSolutionNode = FALSE
	EndGlobalSection
	GlobalSection(NestedProjects) = preSolution
		{5FD96E5C-00AA-4F20-B528-AFD15CA8B10D} = {F7D8C7B9-4220-44C0-B2F7-8F1CC013D745}
		{303D6094-38C0-4A48-ADEA-A636E62ABE74} = {F7D8C7B9-4220-44C0-B2F7-8F1CC013D745}
		{32FF29FE-F303-4822-8023-D11330DE9B6C} = {F7D8C7B9-4220-44C0-B2F7-8F1CC013D745}
		{E14DC32A-8D2E-4CE5-8849-309A7032ABDB} = {32FF29FE-F303-4822-8023-D11330DE9B6C}
		{21D87829-D341-4CBE-ACE3-1A8017BBE033} = {32FF29FE-F303-4822-8023-D11330DE9B6C}
		{E7604101-1609-4EA3-A532-10DC7986F4B1} = {303D6094-38C0-4A48-ADEA-A636E62ABE74}
		{99FC43CF-22AC-4D3A-9DC9-50E0674C43D1} = {303D6094-38C0-4A48-ADEA-A636E62ABE74}
		{3EA72171-4166-4658-BB9A-D7C32EB13E4B} = {5FD96E5C-00AA-4F20-B528-AFD15CA8B10D}
		{FF03A630-4E35-49AC-89D0-EC3596D41617} = {F7D8C7B9-4220-44C0-B2F7-8F1CC013D745}
		{FC451AF7-274C-4457-8BFA-12DC1701489C} = {FF03A630-4E35-49AC-89D0-EC3596D41617}
	EndGlobalSection
	GlobalSection(ExtensibilityGlobals) = postSolution
		SolutionGuid = {9EADCBC7-E1F7-4F60-ABE2-FCF600657F68}
	EndGlobalSection
EndGlobal
